# THIS IS AN AUTOGENERATED FILE. DO NOT EDIT THIS FILE DIRECTLY.
# yarn lockfile v1


asciimath-to-latex@^0.3.2:
  version "0.3.2"
  resolved "https://registry.yarnpkg.com/asciimath-to-latex/-/asciimath-to-latex-0.3.2.tgz#1f6e6b36ccc11e3de0ceeffa3dce16483ec28b4e"
  integrity sha1-H25rNszBHj3gzu/6Pc4WSD7Ci04=
